
Microsoft Visual Studio Solution File, Format Version 12.00
# Visual Studio Version 16
VisualStudioVersion = 16.0.31624.102
MinimumVisualStudioVersion = 10.0.40219.1
Project("{8BC9CEB8-8B4A-11D0-8D11-00A0C91BC942}") = "graph_coloring", "graph_coloring\graph_coloring.vcxproj", "{F2C641E7-60CE-452D-8A43-958C320ADA51}"
EndProject
Project("{2150E333-8FDC-42A3-9474-1A3956D46DE8}") = "Solution Items", "Solution Items", "{550EC265-3D7A-49A1-BE93-242EDE68D5FC}"
	ProjectSection(SolutionItems) = preProject
		.gitignore = .gitignore
	EndProjectSection
EndProject
Global
	GlobalSection(SolutionConfigurationPlatforms) = preSolution
		Debug|x64 = Debug|x64
		Debug|x86 = Debug|x86
		Release|x64 = Release|x64
		Release|x86 = Release|x86
	EndGlobalSection
	GlobalSection(ProjectConfigurationPlatforms) = postSolution
		{F2C641E7-60CE-452D-8A43-958C320ADA51}.Debug|x64.ActiveCfg = Debug|x64
		{F2C641E7-60CE-452D-8A43-958C320ADA51}.Debug|x64.Build.0 = Debug|x64
		{F2C641E7-60CE-452D-8A43-958C320ADA51}.Debug|x86.ActiveCfg = Debug|Win32
		{F2C641E7-60CE-452D-8A43-958C320ADA51}.Debug|x86.Build.0 = Debug|Win32
		{F2C641E7-60CE-452D-8A43-958C320ADA51}.Release|x64.ActiveCfg = Release|x64
		{F2C641E7-60CE-452D-8A43-958C320ADA51}.Release|x64.Build.0 = Release|x64
		{F2C641E7-60CE-452D-8A43-958C320ADA51}.Release|x86.ActiveCfg = Release|Win32
		{F2C641E7-60CE-452D-8A43-958C320ADA51}.Release|x86.Build.0 = Release|Win32
	EndGlobalSection
	GlobalSection(SolutionProperties) = preSolution
		HideSolutionNode = FALSE
	EndGlobalSection
	GlobalSection(ExtensibilityGlobals) = postSolution
		SolutionGuid = {D301E72F-E686-4A8C-9356-7744A4651788}
	EndGlobalSection
EndGlobal
